
Microsoft Visual Studio Solution File, Format Version 12.00
# Visual Studio Version 17
VisualStudioVersion = 17.9.34728.123
MinimumVisualStudioVersion = 10.0.40219.1
Project("{FAE04EC0-301F-11D3-BF4B-00C04F79EFBC}") = "ABP_Task_Zakharov", "ABP_Task_Zakharov\ABP_Task_Zakharov.csproj", "{28FF8BA2-47DA-4BBD-A683-8F6A2522AFA2}"
EndProject
Global
	GlobalSection(SolutionConfigurationPlatforms) = preSolution
		Debug|Any CPU = Debug|Any CPU
		Release|Any CPU = Release|Any CPU
	EndGlobalSection
	GlobalSection(ProjectConfigurationPlatforms) = postSolution
		{28FF8BA2-47DA-4BBD-A683-8F6A2522AFA2}.Debug|Any CPU.ActiveCfg = Debug|Any CPU
		{28FF8BA2-47DA-4BBD-A683-8F6A2522AFA2}.Debug|Any CPU.Build.0 = Debug|Any CPU
		{28FF8BA2-47DA-4BBD-A683-8F6A2522AFA2}.Release|Any CPU.ActiveCfg = Release|Any CPU
		{28FF8BA2-47DA-4BBD-A683-8F6A2522AFA2}.Release|Any CPU.Build.0 = Release|Any CPU
	EndGlobalSection
	GlobalSection(SolutionProperties) = preSolution
		HideSolutionNode = FALSE
	EndGlobalSection
	GlobalSection(ExtensibilityGlobals) = postSolution
		SolutionGuid = {735270E6-F5C7-4651-9A74-BACC8AE50C40}
	EndGlobalSection
EndGlobal
